// !$*UTF8*$!
{
	archiveVersion = 1;
	classes = {
	};
	objectVersion = 50;
	objects = {

/* Begin PBXBuildFile section */
		584C528C21950F54009BA652 /* Models.swift in Sources */ = {isa = PBXBuildFile; fileRef = 584C528B21950F54009BA652 /* Models.swift */; };
		5862CDA5218A3AF300523972 /* QuizResultViewController.swift in Sources */ = {isa = PBXBuildFile; fileRef = 5862CDA4218A3AF300523972 /* QuizResultViewController.swift */; };
		5879B3762188116A007D85DB /* QuestionViewController.swift in Sources */ = {isa = PBXBuildFile; fileRef = 5879B3752188116A007D85DB /* QuestionViewController.swift */; };
		5879B37B21882CAD007D85DB /* AnswerViewController.swift in Sources */ = {isa = PBXBuildFile; fileRef = 5879B37A21882CAD007D85DB /* AnswerViewController.swift */; };
		58A7E033218C0CB000055E32 /* QuizQuestions.swift in Sources */ = {isa = PBXBuildFile; fileRef = 58A7E032218C0CB000055E32 /* QuizQuestions.swift */; };
		58C53DBF218401190042E2E4 /* AppDelegate.swift in Sources */ = {isa = PBXBuildFile; fileRef = 58C53DBE218401190042E2E4 /* AppDelegate.swift */; };
		58C53DC4218401190042E2E4 /* Main.storyboard in Resources */ = {isa = PBXBuildFile; fileRef = 58C53DC2218401190042E2E4 /* Main.storyboard */; };
		58C53DC62184011A0042E2E4 /* Assets.xcassets in Resources */ = {isa = PBXBuildFile; fileRef = 58C53DC52184011A0042E2E4 /* Assets.xcassets */; };
		58C53DC92184011A0042E2E4 /* LaunchScreen.storyboard in Resources */ = {isa = PBXBuildFile; fileRef = 58C53DC72184011A0042E2E4 /* LaunchScreen.storyboard */; };
		58C53DD1218506180042E2E4 /* QuizTableViewController.swift in Sources */ = {isa = PBXBuildFile; fileRef = 58C53DD0218506180042E2E4 /* QuizTableViewController.swift */; };
		58C53DD6218512C70042E2E4 /* QuizCatagoryTableViewCell.swift in Sources */ = {isa = PBXBuildFile; fileRef = 58C53DD4218512C70042E2E4 /* QuizCatagoryTableViewCell.swift */; };
		887B8787DB4E95FE50F0BAD4 /* Pods_iQuiz.framework in Frameworks */ = {isa = PBXBuildFile; fileRef = E329CAB2DEC99CBB82CF8A07 /* Pods_iQuiz.framework */; };
/* End PBXBuildFile section */

/* Begin PBXFileReference section */
		584C528B21950F54009BA652 /* Models.swift */ = {isa = PBXFileReference; lastKnownFileType = sourcecode.swift; path = Models.swift; sourceTree = "<group>"; };
		5862CDA4218A3AF300523972 /* QuizResultViewController.swift */ = {isa = PBXFileReference; lastKnownFileType = sourcecode.swift; path = QuizResultViewController.swift; sourceTree = "<group>"; };
		5879B3752188116A007D85DB /* QuestionViewController.swift */ = {isa = PBXFileReference; lastKnownFileType = sourcecode.swift; path = QuestionViewController.swift; sourceTree = "<group>"; };
		5879B37A21882CAD007D85DB /* AnswerViewController.swift */ = {isa = PBXFileReference; lastKnownFileType = sourcecode.swift; path = AnswerViewController.swift; sourceTree = "<group>"; };
		58A7E032218C0CB000055E32 /* QuizQuestions.swift */ = {isa = PBXFileReference; lastKnownFileType = sourcecode.swift; path = QuizQuestions.swift; sourceTree = "<group>"; };
		58C53DBB218401190042E2E4 /* iQuiz.app */ = {isa = PBXFileReference; explicitFileType = wrapper.application; includeInIndex = 0; path = iQuiz.app; sourceTree = BUILT_PRODUCTS_DIR; };
		58C53DBE218401190042E2E4 /* AppDelegate.swift */ = {isa = PBXFileReference; lastKnownFileType = sourcecode.swift; path = AppDelegate.swift; sourceTree = "<group>"; };
		58C53DC3218401190042E2E4 /* Base */ = {isa = PBXFileReference; lastKnownFileType = file.storyboard; name = Base; path = Base.lproj/Main.storyboard; sourceTree = "<group>"; };
		58C53DC52184011A0042E2E4 /* Assets.xcassets */ = {isa = PBXFileReference; lastKnownFileType = folder.assetcatalog; path = Assets.xcassets; sourceTree = "<group>"; };
		58C53DC82184011A0042E2E4 /* Base */ = {isa = PBXFileReference; lastKnownFileType = file.storyboard; name = Base; path = Base.lproj/LaunchScreen.storyboard; sourceTree = "<group>"; };
		58C53DCA2184011A0042E2E4 /* Info.plist */ = {isa = PBXFileReference; lastKnownFileType = text.plist.xml; path = Info.plist; sourceTree = "<group>"; };
		58C53DD0218506180042E2E4 /* QuizTableViewController.swift */ = {isa = PBXFileReference; lastKnownFileType = sourcecode.swift; path = QuizTableViewController.swift; sourceTree = "<group>"; };
		58C53DD4218512C70042E2E4 /* QuizCatagoryTableViewCell.swift */ = {isa = PBXFileReference; lastKnownFileType = sourcecode.swift; path = QuizCatagoryTableViewCell.swift; sourceTree = "<group>"; };
		6AC3265893709E3BBEF2B2FF /* Pods-iQuiz.release.xcconfig */ = {isa = PBXFileReference; includeInIndex = 1; lastKnownFileType = text.xcconfig; name = "Pods-iQuiz.release.xcconfig"; path = "Pods/Target Support Files/Pods-iQuiz/Pods-iQuiz.release.xcconfig"; sourceTree = "<group>"; };
		E0C5B14B34DB440602F8DD71 /* Pods-iQuiz.debug.xcconfig */ = {isa = PBXFileReference; includeInIndex = 1; lastKnownFileType = text.xcconfig; name = "Pods-iQuiz.debug.xcconfig"; path = "Pods/Target Support Files/Pods-iQuiz/Pods-iQuiz.debug.xcconfig"; sourceTree = "<group>"; };
		E329CAB2DEC99CBB82CF8A07 /* Pods_iQuiz.framework */ = {isa = PBXFileReference; explicitFileType = wrapper.framework; includeInIndex = 0; path = Pods_iQuiz.framework; sourceTree = BUILT_PRODUCTS_DIR; };
/* End PBXFileReference section */

/* Begin PBXFrameworksBuildPhase section */
		58C53DB8218401190042E2E4 /* Frameworks */ = {
			isa = PBXFrameworksBuildPhase;
			buildActionMask = 2147483647;
			files = (
				887B8787DB4E95FE50F0BAD4 /* Pods_iQuiz.framework in Frameworks */,
			);
			runOnlyForDeploymentPostprocessing = 0;
		};
/* End PBXFrameworksBuildPhase section */

/* Begin PBXGroup section */
		584C528A21950F40009BA652 /* Models */ = {
			isa = PBXGroup;
			children = (
				584C528B21950F54009BA652 /* Models.swift */,
			);
			path = Models;
			sourceTree = "<group>";
		};
		584C528E21958823009BA652 /* Questions */ = {
			isa = PBXGroup;
			children = (
				58A7E032218C0CB000055E32 /* QuizQuestions.swift */,
			);
			path = Questions;
			sourceTree = "<group>";
		};
		5879B370218810B2007D85DB /* QuizQuestions */ = {
			isa = PBXGroup;
			children = (
				5879B3752188116A007D85DB /* QuestionViewController.swift */,
			);
			path = QuizQuestions;
			sourceTree = "<group>";
		};
		5879B37821882BBE007D85DB /* QuizAnswers */ = {
			isa = PBXGroup;
			children = (
				5879B37A21882CAD007D85DB /* AnswerViewController.swift */,
			);
			path = QuizAnswers;
			sourceTree = "<group>";
		};
		5879B37921882C18007D85DB /* QuizResult */ = {
			isa = PBXGroup;
			children = (
				5862CDA4218A3AF300523972 /* QuizResultViewController.swift */,
			);
			path = QuizResult;
			sourceTree = "<group>";
		};
		5879B38221882D33007D85DB /* QuizTableController */ = {
			isa = PBXGroup;
			children = (
				58C53DD0218506180042E2E4 /* QuizTableViewController.swift */,
			);
			path = QuizTableController;
			sourceTree = "<group>";
		};
		58C53DB2218401190042E2E4 = {
			isa = PBXGroup;
			children = (
				58C53DBD218401190042E2E4 /* iQuiz */,
				58C53DBC218401190042E2E4 /* Products */,
				D8FD608CD86C26A5A821AFC8 /* Frameworks */,
				C8F7A8B3EDC8A964D3B94D41 /* Pods */,
			);
			sourceTree = "<group>";
		};
		58C53DBC218401190042E2E4 /* Products */ = {
			isa = PBXGroup;
			children = (
				58C53DBB218401190042E2E4 /* iQuiz.app */,
			);
			name = Products;
			sourceTree = "<group>";
		};
		58C53DBD218401190042E2E4 /* iQuiz */ = {
			isa = PBXGroup;
			children = (
				584C528E21958823009BA652 /* Questions */,
				584C528A21950F40009BA652 /* Models */,
				5879B38221882D33007D85DB /* QuizTableController */,
				5879B37921882C18007D85DB /* QuizResult */,
				5879B37821882BBE007D85DB /* QuizAnswers */,
				5879B370218810B2007D85DB /* QuizQuestions */,
				58C53DD8218512DA0042E2E4 /* QuizCatagory */,
				58C53DBE218401190042E2E4 /* AppDelegate.swift */,
				58C53DC2218401190042E2E4 /* Main.storyboard */,
				58C53DC52184011A0042E2E4 /* Assets.xcassets */,
				58C53DC72184011A0042E2E4 /* LaunchScreen.storyboard */,
				58C53DCA2184011A0042E2E4 /* Info.plist */,
			);
			path = iQuiz;
			sourceTree = "<group>";
		};
		58C53DD8218512DA0042E2E4 /* QuizCatagory */ = {
			isa = PBXGroup;
			children = (
				58C53DD4218512C70042E2E4 /* QuizCatagoryTableViewCell.swift */,
			);
			path = QuizCatagory;
			sourceTree = "<group>";
		};
		C8F7A8B3EDC8A964D3B94D41 /* Pods */ = {
			isa = PBXGroup;
			children = (
				E0C5B14B34DB440602F8DD71 /* Pods-iQuiz.debug.xcconfig */,
				6AC3265893709E3BBEF2B2FF /* Pods-iQuiz.release.xcconfig */,
			);
			name = Pods;
			sourceTree = "<group>";
		};
		D8FD608CD86C26A5A821AFC8 /* Frameworks */ = {
			isa = PBXGroup;
			children = (
				E329CAB2DEC99CBB82CF8A07 /* Pods_iQuiz.framework */,
			);
			name = Frameworks;
			sourceTree = "<group>";
		};
/* End PBXGroup section */

/* Begin PBXNativeTarget section */
		58C53DBA218401190042E2E4 /* iQuiz */ = {
			isa = PBXNativeTarget;
			buildConfigurationList = 58C53DCD2184011A0042E2E4 /* Build configuration list for PBXNativeTarget "iQuiz" */;
			buildPhases = (
				A77B45F36A3709C1F24C0BA8 /* [CP] Check Pods Manifest.lock */,
				58C53DB7218401190042E2E4 /* Sources */,
				58C53DB8218401190042E2E4 /* Frameworks */,
				58C53DB9218401190042E2E4 /* Resources */,
				178B6D5B631EC0CCC6D22492 /* [CP] Embed Pods Frameworks */,
			);
			buildRules = (
			);
			dependencies = (
			);
			name = iQuiz;
			productName = iQuiz;
			productReference = 58C53DBB218401190042E2E4 /* iQuiz.app */;
			productType = "com.apple.product-type.application";
		};
/* End PBXNativeTarget section */

/* Begin PBXProject section */
		58C53DB3218401190042E2E4 /* Project object */ = {
			isa = PBXProject;
			attributes = {
				LastSwiftUpdateCheck = 1000;
				LastUpgradeCheck = 1000;
				ORGANIZATIONNAME = "Zubair Amjad";
				TargetAttributes = {
					58C53DBA218401190042E2E4 = {
						CreatedOnToolsVersion = 10.0;
					};
				};
			};
			buildConfigurationList = 58C53DB6218401190042E2E4 /* Build configuration list for PBXProject "iQuiz" */;
			compatibilityVersion = "Xcode 9.3";
			developmentRegion = en;
			hasScannedForEncodings = 0;
			knownRegions = (
				en,
				Base,
			);
			mainGroup = 58C53DB2218401190042E2E4;
			productRefGroup = 58C53DBC218401190042E2E4 /* Products */;
			projectDirPath = "";
			projectRoot = "";
			targets = (
				58C53DBA218401190042E2E4 /* iQuiz */,
			);
		};
/* End PBXProject section */

/* Begin PBXResourcesBuildPhase section */
		58C53DB9218401190042E2E4 /* Resources */ = {
			isa = PBXResourcesBuildPhase;
			buildActionMask = 2147483647;
			files = (
				58C53DC92184011A0042E2E4 /* LaunchScreen.storyboard in Resources */,
				58C53DC62184011A0042E2E4 /* Assets.xcassets in Resources */,
				58C53DC4218401190042E2E4 /* Main.storyboard in Resources */,
			);
			runOnlyForDeploymentPostprocessing = 0;
		};
/* End PBXResourcesBuildPhase section */

/* Begin PBXShellScriptBuildPhase section */
		178B6D5B631EC0CCC6D22492 /* [CP] Embed Pods Frameworks */ = {
			isa = PBXShellScriptBuildPhase;
			buildActionMask = 2147483647;
			files = (
			);
			inputFileListPaths = (
			);
			inputPaths = (
				"${SRCROOT}/Pods/Target Support Files/Pods-iQuiz/Pods-iQuiz-frameworks.sh",
				"${BUILT_PRODUCTS_DIR}/Alamofire/Alamofire.framework",
				"${BUILT_PRODUCTS_DIR}/SwiftyJSON/SwiftyJSON.framework",
			);
			name = "[CP] Embed Pods Frameworks";
			outputFileListPaths = (
			);
			outputPaths = (
				"${TARGET_BUILD_DIR}/${FRAMEWORKS_FOLDER_PATH}/Alamofire.framework",
				"${TARGET_BUILD_DIR}/${FRAMEWORKS_FOLDER_PATH}/SwiftyJSON.framework",
			);
			runOnlyForDeploymentPostprocessing = 0;
			shellPath = /bin/sh;
			shellScript = "\"${SRCROOT}/Pods/Target Support Files/Pods-iQuiz/Pods-iQuiz-frameworks.sh\"\n";
			showEnvVarsInLog = 0;
		};
		A77B45F36A3709C1F24C0BA8 /* [CP] Check Pods Manifest.lock */ = {
			isa = PBXShellScriptBuildPhase;
			buildActionMask = 2147483647;
			files = (
			);
			inputFileListPaths = (
			);
			inputPaths = (
				"${PODS_PODFILE_DIR_PATH}/Podfile.lock",
				"${PODS_ROOT}/Manifest.lock",
			);
			name = "[CP] Check Pods Manifest.lock";
			outputFileListPaths = (
			);
			outputPaths = (
				"$(DERIVED_FILE_DIR)/Pods-iQuiz-checkManifestLockResult.txt",
			);
			runOnlyForDeploymentPostprocessing = 0;
			shellPath = /bin/sh;
			shellScript = "diff \"${PODS_PODFILE_DIR_PATH}/Podfile.lock\" \"${PODS_ROOT}/Manifest.lock\" > /dev/null\nif [ $? != 0 ] ; then\n    # print error to STDERR\n    echo \"error: The sandbox is not in sync with the Podfile.lock. Run 'pod install' or update your CocoaPods installation.\" >&2\n    exit 1\nfi\n# This output is used by Xcode 'outputs' to avoid re-running this script phase.\necho \"SUCCESS\" > \"${SCRIPT_OUTPUT_FILE_0}\"\n";
			showEnvVarsInLog = 0;
		};
/* End PBXShellScriptBuildPhase section */

/* Begin PBXSourcesBuildPhase section */
		58C53DB7218401190042E2E4 /* Sources */ = {
			isa = PBXSourcesBuildPhase;
			buildActionMask = 2147483647;
			files = (
				58C53DD6218512C70042E2E4 /* QuizCatagoryTableViewCell.swift in Sources */,
				58C53DD1218506180042E2E4 /* QuizTableViewController.swift in Sources */,
				58A7E033218C0CB000055E32 /* QuizQuestions.swift in Sources */,
				584C528C21950F54009BA652 /* Models.swift in Sources */,
				5862CDA5218A3AF300523972 /* QuizResultViewController.swift in Sources */,
				5879B37B21882CAD007D85DB /* AnswerViewController.swift in Sources */,
				5879B3762188116A007D85DB /* QuestionViewController.swift in Sources */,
				58C53DBF218401190042E2E4 /* AppDelegate.swift in Sources */,
			);
			runOnlyForDeploymentPostprocessing = 0;
		};
/* End PBXSourcesBuildPhase section */

/* Begin PBXVariantGroup section */
		58C53DC2218401190042E2E4 /* Main.storyboard */ = {
			isa = PBXVariantGroup;
			children = (
				58C53DC3218401190042E2E4 /* Base */,
			);
			name = Main.storyboard;
			sourceTree = "<group>";
		};
		58C53DC72184011A0042E2E4 /* LaunchScreen.storyboard */ = {
			isa = PBXVariantGroup;
			children = (
				58C53DC82184011A0042E2E4 /* Base */,
			);
			name = LaunchScreen.storyboard;
			sourceTree = "<group>";
		};
/* End PBXVariantGroup section */

/* Begin XCBuildConfiguration section */
		58C53DCB2184011A0042E2E4 /* Debug */ = {
			isa = XCBuildConfiguration;
			buildSettings = {
				ALWAYS_SEARCH_USER_PATHS = NO;
				CLANG_ANALYZER_NONNULL = YES;
				CLANG_ANALYZER_NUMBER_OBJECT_CONVERSION = YES_AGGRESSIVE;
				CLANG_CXX_LANGUAGE_STANDARD = "gnu++14";
				CLANG_CXX_LIBRARY = "libc++";
				CLANG_ENABLE_MODULES = YES;
				CLANG_ENABLE_OBJC_ARC = YES;
				CLANG_ENABLE_OBJC_WEAK = YES;
				CLANG_WARN_BLOCK_CAPTURE_AUTORELEASING = YES;
				CLANG_WARN_BOOL_CONVERSION = YES;
				CLANG_WARN_COMMA = YES;
				CLANG_WARN_CONSTANT_CONVERSION = YES;
				CLANG_WARN_DEPRECATED_OBJC_IMPLEMENTATIONS = YES;
				CLANG_WARN_DIRECT_OBJC_ISA_USAGE = YES_ERROR;
				CLANG_WARN_DOCUMENTATION_COMMENTS = YES;
				CLANG_WARN_EMPTY_BODY = YES;
				CLANG_WARN_ENUM_CONVERSION = YES;
				CLANG_WARN_INFINITE_RECURSION = YES;
				CLANG_WARN_INT_CONVERSION = YES;
				CLANG_WARN_NON_LITERAL_NULL_CONVERSION = YES;
				CLANG_WARN_OBJC_IMPLICIT_RETAIN_SELF = YES;
				CLANG_WARN_OBJC_LITERAL_CONVERSION = YES;
				CLANG_WARN_OBJC_ROOT_CLASS = YES_ERROR;
				CLANG_WARN_RANGE_LOOP_ANALYSIS = YES;
				CLANG_WARN_STRICT_PROTOTYPES = YES;
				CLANG_WARN_SUSPICIOUS_MOVE = YES;
				CLANG_WARN_UNGUARDED_AVAILABILITY = YES_AGGRESSIVE;
				CLANG_WARN_UNREACHABLE_CODE = YES;
				CLANG_WARN__DUPLICATE_METHOD_MATCH = YES;
				CODE_SIGN_IDENTITY = "iPhone Developer";
				COPY_PHASE_STRIP = NO;
				DEBUG_INFORMATION_FORMAT = dwarf;
				ENABLE_STRICT_OBJC_MSGSEND = YES;
				ENABLE_TESTABILITY = YES;
				GCC_C_LANGUAGE_STANDARD = gnu11;
				GCC_DYNAMIC_NO_PIC = NO;
				GCC_NO_COMMON_BLOCKS = YES;
				GCC_OPTIMIZATION_LEVEL = 0;
				GCC_PREPROCESSOR_DEFINITIONS = (
					"DEBUG=1",
					"$(inherited)",
				);
				GCC_WARN_64_TO_32_BIT_CONVERSION = YES;
				GCC_WARN_ABOUT_RETURN_TYPE = YES_ERROR;
				GCC_WARN_UNDECLARED_SELECTOR = YES;
				GCC_WARN_UNINITIALIZED_AUTOS = YES_AGGRESSIVE;
				GCC_WARN_UNUSED_FUNCTION = YES;
				GCC_WARN_UNUSED_VARIABLE = YES;
				IPHONEOS_DEPLOYMENT_TARGET = 12.0;
				MTL_ENABLE_DEBUG_INFO = INCLUDE_SOURCE;
				MTL_FAST_MATH = YES;
				ONLY_ACTIVE_ARCH = YES;
				SDKROOT = iphoneos;
				SWIFT_ACTIVE_COMPILATION_CONDITIONS = DEBUG;
				SWIFT_OPTIMIZATION_LEVEL = "-Onone";
			};
			name = Debug;
		};
		58C53DCC2184011A0042E2E4 /* Release */ = {
			isa = XCBuildConfiguration;
			buildSettings = {
				ALWAYS_SEARCH_USER_PATHS = NO;
				CLANG_ANALYZER_NONNULL = YES;
				CLANG_ANALYZER_NUMBER_OBJECT_CONVERSION = YES_AGGRESSIVE;
				CLANG_CXX_LANGUAGE_STANDARD = "gnu++14";
				CLANG_CXX_LIBRARY = "libc++";
				CLANG_ENABLE_MODULES = YES;
				CLANG_ENABLE_OBJC_ARC = YES;
				CLANG_ENABLE_OBJC_WEAK = YES;
				CLANG_WARN_BLOCK_CAPTURE_AUTORELEASING = YES;
				CLANG_WARN_BOOL_CONVERSION = YES;
				CLANG_WARN_COMMA = YES;
				CLANG_WARN_CONSTANT_CONVERSION = YES;
				CLANG_WARN_DEPRECATED_OBJC_IMPLEMENTATIONS = YES;
				CLANG_WARN_DIRECT_OBJC_ISA_USAGE = YES_ERROR;
				CLANG_WARN_DOCUMENTATION_COMMENTS = YES;
				CLANG_WARN_EMPTY_BODY = YES;
				CLANG_WARN_ENUM_CONVERSION = YES;
				CLANG_WARN_INFINITE_RECURSION = YES;
				CLANG_WARN_INT_CONVERSION = YES;
				CLANG_WARN_NON_LITERAL_NULL_CONVERSION = YES;
				CLANG_WARN_OBJC_IMPLICIT_RETAIN_SELF = YES;
				CLANG_WARN_OBJC_LITERAL_CONVERSION = YES;
				CLANG_WARN_OBJC_ROOT_CLASS = YES_ERROR;
				CLANG_WARN_RANGE_LOOP_ANALYSIS = YES;
				CLANG_WARN_STRICT_PROTOTYPES = YES;
				CLANG_WARN_SUSPICIOUS_MOVE = YES;
				CLANG_WARN_UNGUARDED_AVAILABILITY = YES_AGGRESSIVE;
				CLANG_WARN_UNREACHABLE_CODE = YES;
				CLANG_WARN__DUPLICATE_METHOD_MATCH = YES;
				CODE_SIGN_IDENTITY = "iPhone Developer";
				COPY_PHASE_STRIP = NO;
				DEBUG_INFORMATION_FORMAT = "dwarf-with-dsym";
				ENABLE_NS_ASSERTIONS = NO;
				ENABLE_STRICT_OBJC_MSGSEND = YES;
				GCC_C_LANGUAGE_STANDARD = gnu11;
				GCC_NO_COMMON_BLOCKS = YES;
				GCC_WARN_64_TO_32_BIT_CONVERSION = YES;
				GCC_WARN_ABOUT_RETURN_TYPE = YES_ERROR;
				GCC_WARN_UNDECLARED_SELECTOR = YES;
				GCC_WARN_UNINITIALIZED_AUTOS = YES_AGGRESSIVE;
				GCC_WARN_UNUSED_FUNCTION = YES;
				GCC_WARN_UNUSED_VARIABLE = YES;
				IPHONEOS_DEPLOYMENT_TARGET = 12.0;
				MTL_ENABLE_DEBUG_INFO = NO;
				MTL_FAST_MATH = YES;
				SDKROOT = iphoneos;
				SWIFT_COMPILATION_MODE = wholemodule;
				SWIFT_OPTIMIZATION_LEVEL = "-O";
				VALIDATE_PRODUCT = YES;
			};
			name = Release;
		};
		58C53DCE2184011A0042E2E4 /* Debug */ = {
			isa = XCBuildConfiguration;
			baseConfigurationReference = E0C5B14B34DB440602F8DD71 /* Pods-iQuiz.debug.xcconfig */;
			buildSettings = {
				ASSETCATALOG_COMPILER_APPICON_NAME = AppIcon;
				CODE_SIGN_STYLE = Automatic;
				DEVELOPMENT_TEAM = 9V3FMTYQCY;
				INFOPLIST_FILE = iQuiz/Info.plist;
				LD_RUNPATH_SEARCH_PATHS = (
					"$(inherited)",
					"@executable_path/Frameworks",
				);
				PRODUCT_BUNDLE_IDENTIFIER = edu.uw.amjadz.iQuiz;
				PRODUCT_NAME = "$(TARGET_NAME)";
				SWIFT_VERSION = 4.2;
				TARGETED_DEVICE_FAMILY = "1,2";
			};
			name = Debug;
		};
		58C53DCF2184011A0042E2E4 /* Release */ = {
			isa = XCBuildConfiguration;
			baseConfigurationReference = 6AC3265893709E3BBEF2B2FF /* Pods-iQuiz.release.xcconfig */;
			buildSettings = {
				ASSETCATALOG_COMPILER_APPICON_NAME = AppIcon;
				CODE_SIGN_STYLE = Automatic;
				DEVELOPMENT_TEAM = 9V3FMTYQCY;
				INFOPLIST_FILE = iQuiz/Info.plist;
				LD_RUNPATH_SEARCH_PATHS = (
					"$(inherited)",
					"@executable_path/Frameworks",
				);
				PRODUCT_BUNDLE_IDENTIFIER = edu.uw.amjadz.iQuiz;
				PRODUCT_NAME = "$(TARGET_NAME)";
				SWIFT_VERSION = 4.2;
				TARGETED_DEVICE_FAMILY = "1,2";
			};
			name = Release;
		};
/* End XCBuildConfiguration section */

/* Begin XCConfigurationList section */
		58C53DB6218401190042E2E4 /* Build configuration list for PBXProject "iQuiz" */ = {
			isa = XCConfigurationList;
			buildConfigurations = (
				58C53DCB2184011A0042E2E4 /* Debug */,
				58C53DCC2184011A0042E2E4 /* Release */,
			);
			defaultConfigurationIsVisible = 0;
			defaultConfigurationName = Release;
		};
		58C53DCD2184011A0042E2E4 /* Build configuration list for PBXNativeTarget "iQuiz" */ = {
			isa = XCConfigurationList;
			buildConfigurations = (
				58C53DCE2184011A0042E2E4 /* Debug */,
				58C53DCF2184011A0042E2E4 /* Release */,
			);
			defaultConfigurationIsVisible = 0;
			defaultConfigurationName = Release;
		};
/* End XCConfigurationList section */
	};
	rootObject = 58C53DB3218401190042E2E4 /* Project object */;
}
